// !$*UTF8*$!
{
	archiveVersion = 1;
	classes = {
	};
	objectVersion = 48;
	objects = {

/* Begin PBXBuildFile section */
		444A34721FC5C38F00A6F6FC /* main.swift in Sources */ = {isa = PBXBuildFile; fileRef = 444A34711FC5C38F00A6F6FC /* main.swift */; };
		444A347D1FC5C3BD00A6F6FC /* mechanic.swift in Sources */ = {isa = PBXBuildFile; fileRef = 444A34781FC5C3BC00A6F6FC /* mechanic.swift */; };
		444A347E1FC5C3BD00A6F6FC /* request.swift in Sources */ = {isa = PBXBuildFile; fileRef = 444A34791FC5C3BD00A6F6FC /* request.swift */; };
		444A347F1FC5C3BD00A6F6FC /* mediator.swift in Sources */ = {isa = PBXBuildFile; fileRef = 444A347A1FC5C3BD00A6F6FC /* mediator.swift */; };
		444A34801FC5C3BD00A6F6FC /* request_mediator.swift in Sources */ = {isa = PBXBuildFile; fileRef = 444A347B1FC5C3BD00A6F6FC /* request_mediator.swift */; };
		444A34811FC5C3BD00A6F6FC /* part.swift in Sources */ = {isa = PBXBuildFile; fileRef = 444A347C1FC5C3BD00A6F6FC /* part.swift */; };
/* End PBXBuildFile section */

/* Begin PBXCopyFilesBuildPhase section */
		444A346C1FC5C38F00A6F6FC /* CopyFiles */ = {
			isa = PBXCopyFilesBuildPhase;
			buildActionMask = 2147483647;
			dstPath = /usr/share/man/man1/;
			dstSubfolderSpec = 0;
			files = (
			);
			runOnlyForDeploymentPostprocessing = 1;
		};
/* End PBXCopyFilesBuildPhase section */

/* Begin PBXFileReference section */
		4402B6491FC5C6C300930A54 /* README.md */ = {isa = PBXFileReference; lastKnownFileType = net.daringfireball.markdown; path = README.md; sourceTree = "<group>"; };
		444A346E1FC5C38F00A6F6FC /* MediatorDemo */ = {isa = PBXFileReference; explicitFileType = "compiled.mach-o.executable"; includeInIndex = 0; path = MediatorDemo; sourceTree = BUILT_PRODUCTS_DIR; };
		444A34711FC5C38F00A6F6FC /* main.swift */ = {isa = PBXFileReference; lastKnownFileType = sourcecode.swift; path = main.swift; sourceTree = "<group>"; };
		444A34781FC5C3BC00A6F6FC /* mechanic.swift */ = {isa = PBXFileReference; fileEncoding = 4; lastKnownFileType = sourcecode.swift; path = mechanic.swift; sourceTree = "<group>"; };
		444A34791FC5C3BD00A6F6FC /* request.swift */ = {isa = PBXFileReference; fileEncoding = 4; lastKnownFileType = sourcecode.swift; path = request.swift; sourceTree = "<group>"; };
		444A347A1FC5C3BD00A6F6FC /* mediator.swift */ = {isa = PBXFileReference; fileEncoding = 4; lastKnownFileType = sourcecode.swift; path = mediator.swift; sourceTree = "<group>"; };
		444A347B1FC5C3BD00A6F6FC /* request_mediator.swift */ = {isa = PBXFileReference; fileEncoding = 4; lastKnownFileType = sourcecode.swift; path = request_mediator.swift; sourceTree = "<group>"; };
		444A347C1FC5C3BD00A6F6FC /* part.swift */ = {isa = PBXFileReference; fileEncoding = 4; lastKnownFileType = sourcecode.swift; path = part.swift; sourceTree = "<group>"; };
/* End PBXFileReference section */

/* Begin PBXFrameworksBuildPhase section */
		444A346B1FC5C38F00A6F6FC /* Frameworks */ = {
			isa = PBXFrameworksBuildPhase;
			buildActionMask = 2147483647;
			files = (
			);
			runOnlyForDeploymentPostprocessing = 0;
		};
/* End PBXFrameworksBuildPhase section */

/* Begin PBXGroup section */
		444A34651FC5C38F00A6F6FC = {
			isa = PBXGroup;
			children = (
				4402B6491FC5C6C300930A54 /* README.md */,
				444A34701FC5C38F00A6F6FC /* MediatorDemo */,
				444A346F1FC5C38F00A6F6FC /* Products */,
			);
			sourceTree = "<group>";
		};
		444A346F1FC5C38F00A6F6FC /* Products */ = {
			isa = PBXGroup;
			children = (
				444A346E1FC5C38F00A6F6FC /* MediatorDemo */,
			);
			name = Products;
			sourceTree = "<group>";
		};
		444A34701FC5C38F00A6F6FC /* MediatorDemo */ = {
			isa = PBXGroup;
			children = (
				444A34711FC5C38F00A6F6FC /* main.swift */,
				444A34781FC5C3BC00A6F6FC /* mechanic.swift */,
				444A347A1FC5C3BD00A6F6FC /* mediator.swift */,
				444A347C1FC5C3BD00A6F6FC /* part.swift */,
				444A347B1FC5C3BD00A6F6FC /* request_mediator.swift */,
				444A34791FC5C3BD00A6F6FC /* request.swift */,
			);
			path = MediatorDemo;
			sourceTree = "<group>";
		};
/* End PBXGroup section */

/* Begin PBXNativeTarget section */
		444A346D1FC5C38F00A6F6FC /* MediatorDemo */ = {
			isa = PBXNativeTarget;
			buildConfigurationList = 444A34751FC5C38F00A6F6FC /* Build configuration list for PBXNativeTarget "MediatorDemo" */;
			buildPhases = (
				444A346A1FC5C38F00A6F6FC /* Sources */,
				444A346B1FC5C38F00A6F6FC /* Frameworks */,
				444A346C1FC5C38F00A6F6FC /* CopyFiles */,
			);
			buildRules = (
			);
			dependencies = (
			);
			name = MediatorDemo;
			productName = MediatorDemo;
			productReference = 444A346E1FC5C38F00A6F6FC /* MediatorDemo */;
			productType = "com.apple.product-type.tool";
		};
/* End PBXNativeTarget section */

/* Begin PBXProject section */
		444A34661FC5C38F00A6F6FC /* Project object */ = {
			isa = PBXProject;
			attributes = {
				LastSwiftUpdateCheck = 0910;
				LastUpgradeCheck = 0940;
				ORGANIZATIONNAME = rockgarden;
				TargetAttributes = {
					444A346D1FC5C38F00A6F6FC = {
						CreatedOnToolsVersion = 9.1;
						ProvisioningStyle = Automatic;
					};
				};
			};
			buildConfigurationList = 444A34691FC5C38F00A6F6FC /* Build configuration list for PBXProject "MediatorDemo" */;
			compatibilityVersion = "Xcode 8.0";
			developmentRegion = en;
			hasScannedForEncodings = 0;
			knownRegions = (
				en,
			);
			mainGroup = 444A34651FC5C38F00A6F6FC;
			productRefGroup = 444A346F1FC5C38F00A6F6FC /* Products */;
			projectDirPath = "";
			projectRoot = "";
			targets = (
				444A346D1FC5C38F00A6F6FC /* MediatorDemo */,
			);
		};
/* End PBXProject section */

/* Begin PBXSourcesBuildPhase section */
		444A346A1FC5C38F00A6F6FC /* Sources */ = {
			isa = PBXSourcesBuildPhase;
			buildActionMask = 2147483647;
			files = (
				444A34721FC5C38F00A6F6FC /* main.swift in Sources */,
				444A347D1FC5C3BD00A6F6FC /* mechanic.swift in Sources */,
				444A34801FC5C3BD00A6F6FC /* request_mediator.swift in Sources */,
				444A347F1FC5C3BD00A6F6FC /* mediator.swift in Sources */,
				444A34811FC5C3BD00A6F6FC /* part.swift in Sources */,
				444A347E1FC5C3BD00A6F6FC /* request.swift in Sources */,
			);
			runOnlyForDeploymentPostprocessing = 0;
		};
/* End PBXSourcesBuildPhase section */

/* Begin XCBuildConfiguration section */
		444A34731FC5C38F00A6F6FC /* Debug */ = {
			isa = XCBuildConfiguration;
			buildSettings = {
				ALWAYS_SEARCH_USER_PATHS = NO;
				CLANG_ANALYZER_NONNULL = YES;
				CLANG_ANALYZER_NUMBER_OBJECT_CONVERSION = YES_AGGRESSIVE;
				CLANG_CXX_LANGUAGE_STANDARD = "gnu++14";
				CLANG_CXX_LIBRARY = "libc++";
				CLANG_ENABLE_MODULES = YES;
				CLANG_ENABLE_OBJC_ARC = YES;
				CLANG_WARN_BLOCK_CAPTURE_AUTORELEASING = YES;
				CLANG_WARN_BOOL_CONVERSION = YES;
				CLANG_WARN_COMMA = YES;
				CLANG_WARN_CONSTANT_CONVERSION = YES;
				CLANG_WARN_DEPRECATED_OBJC_IMPLEMENTATIONS = YES;
				CLANG_WARN_DIRECT_OBJC_ISA_USAGE = YES_ERROR;
				CLANG_WARN_DOCUMENTATION_COMMENTS = YES;
				CLANG_WARN_EMPTY_BODY = YES;
				CLANG_WARN_ENUM_CONVERSION = YES;
				CLANG_WARN_INFINITE_RECURSION = YES;
				CLANG_WARN_INT_CONVERSION = YES;
				CLANG_WARN_NON_LITERAL_NULL_CONVERSION = YES;
				CLANG_WARN_OBJC_IMPLICIT_RETAIN_SELF = YES;
				CLANG_WARN_OBJC_LITERAL_CONVERSION = YES;
				CLANG_WARN_OBJC_ROOT_CLASS = YES_ERROR;
				CLANG_WARN_RANGE_LOOP_ANALYSIS = YES;
				CLANG_WARN_STRICT_PROTOTYPES = YES;
				CLANG_WARN_SUSPICIOUS_MOVE = YES;
				CLANG_WARN_UNGUARDED_AVAILABILITY = YES_AGGRESSIVE;
				CLANG_WARN_UNREACHABLE_CODE = YES;
				CLANG_WARN__DUPLICATE_METHOD_MATCH = YES;
				CODE_SIGN_IDENTITY = "Mac Developer";
				COPY_PHASE_STRIP = NO;
				DEBUG_INFORMATION_FORMAT = dwarf;
				ENABLE_STRICT_OBJC_MSGSEND = YES;
				ENABLE_TESTABILITY = YES;
				GCC_C_LANGUAGE_STANDARD = gnu11;
				GCC_DYNAMIC_NO_PIC = NO;
				GCC_NO_COMMON_BLOCKS = YES;
				GCC_OPTIMIZATION_LEVEL = 0;
				GCC_PREPROCESSOR_DEFINITIONS = (
					"DEBUG=1",
					"$(inherited)",
				);
				GCC_WARN_64_TO_32_BIT_CONVERSION = YES;
				GCC_WARN_ABOUT_RETURN_TYPE = YES_ERROR;
				GCC_WARN_UNDECLARED_SELECTOR = YES;
				GCC_WARN_UNINITIALIZED_AUTOS = YES_AGGRESSIVE;
				GCC_WARN_UNUSED_FUNCTION = YES;
				GCC_WARN_UNUSED_VARIABLE = YES;
				MACOSX_DEPLOYMENT_TARGET = 10.13;
				MTL_ENABLE_DEBUG_INFO = YES;
				ONLY_ACTIVE_ARCH = YES;
				SDKROOT = macosx;
				SWIFT_ACTIVE_COMPILATION_CONDITIONS = DEBUG;
				SWIFT_OPTIMIZATION_LEVEL = "-Onone";
			};
			name = Debug;
		};
		444A34741FC5C38F00A6F6FC /* Release */ = {
			isa = XCBuildConfiguration;
			buildSettings = {
				ALWAYS_SEARCH_USER_PATHS = NO;
				CLANG_ANALYZER_NONNULL = YES;
				CLANG_ANALYZER_NUMBER_OBJECT_CONVERSION = YES_AGGRESSIVE;
				CLANG_CXX_LANGUAGE_STANDARD = "gnu++14";
				CLANG_CXX_LIBRARY = "libc++";
				CLANG_ENABLE_MODULES = YES;
				CLANG_ENABLE_OBJC_ARC = YES;
				CLANG_WARN_BLOCK_CAPTURE_AUTORELEASING = YES;
				CLANG_WARN_BOOL_CONVERSION = YES;
				CLANG_WARN_COMMA = YES;
				CLANG_WARN_CONSTANT_CONVERSION = YES;
				CLANG_WARN_DEPRECATED_OBJC_IMPLEMENTATIONS = YES;
				CLANG_WARN_DIRECT_OBJC_ISA_USAGE = YES_ERROR;
				CLANG_WARN_DOCUMENTATION_COMMENTS = YES;
				CLANG_WARN_EMPTY_BODY = YES;
				CLANG_WARN_ENUM_CONVERSION = YES;
				CLANG_WARN_INFINITE_RECURSION = YES;
				CLANG_WARN_INT_CONVERSION = YES;
				CLANG_WARN_NON_LITERAL_NULL_CONVERSION = YES;
				CLANG_WARN_OBJC_IMPLICIT_RETAIN_SELF = YES;
				CLANG_WARN_OBJC_LITERAL_CONVERSION = YES;
				CLANG_WARN_OBJC_ROOT_CLASS = YES_ERROR;
				CLANG_WARN_RANGE_LOOP_ANALYSIS = YES;
				CLANG_WARN_STRICT_PROTOTYPES = YES;
				CLANG_WARN_SUSPICIOUS_MOVE = YES;
				CLANG_WARN_UNGUARDED_AVAILABILITY = YES_AGGRESSIVE;
				CLANG_WARN_UNREACHABLE_CODE = YES;
				CLANG_WARN__DUPLICATE_METHOD_MATCH = YES;
				CODE_SIGN_IDENTITY = "Mac Developer";
				COPY_PHASE_STRIP = NO;
				DEBUG_INFORMATION_FORMAT = "dwarf-with-dsym";
				ENABLE_NS_ASSERTIONS = NO;
				ENABLE_STRICT_OBJC_MSGSEND = YES;
				GCC_C_LANGUAGE_STANDARD = gnu11;
				GCC_NO_COMMON_BLOCKS = YES;
				GCC_WARN_64_TO_32_BIT_CONVERSION = YES;
				GCC_WARN_ABOUT_RETURN_TYPE = YES_ERROR;
				GCC_WARN_UNDECLARED_SELECTOR = YES;
				GCC_WARN_UNINITIALIZED_AUTOS = YES_AGGRESSIVE;
				GCC_WARN_UNUSED_FUNCTION = YES;
				GCC_WARN_UNUSED_VARIABLE = YES;
				MACOSX_DEPLOYMENT_TARGET = 10.13;
				MTL_ENABLE_DEBUG_INFO = NO;
				SDKROOT = macosx;
				SWIFT_OPTIMIZATION_LEVEL = "-Owholemodule";
			};
			name = Release;
		};
		444A34761FC5C38F00A6F6FC /* Debug */ = {
			isa = XCBuildConfiguration;
			buildSettings = {
				CODE_SIGN_STYLE = Automatic;
				DEVELOPMENT_TEAM = W3MH7MTTSB;
				PRODUCT_NAME = "$(TARGET_NAME)";
				SWIFT_VERSION = 4.0;
			};
			name = Debug;
		};
		444A34771FC5C38F00A6F6FC /* Release */ = {
			isa = XCBuildConfiguration;
			buildSettings = {
				CODE_SIGN_STYLE = Automatic;
				DEVELOPMENT_TEAM = W3MH7MTTSB;
				PRODUCT_NAME = "$(TARGET_NAME)";
				SWIFT_VERSION = 4.0;
			};
			name = Release;
		};
/* End XCBuildConfiguration section */

/* Begin XCConfigurationList section */
		444A34691FC5C38F00A6F6FC /* Build configuration list for PBXProject "MediatorDemo" */ = {
			isa = XCConfigurationList;
			buildConfigurations = (
				444A34731FC5C38F00A6F6FC /* Debug */,
				444A34741FC5C38F00A6F6FC /* Release */,
			);
			defaultConfigurationIsVisible = 0;
			defaultConfigurationName = Release;
		};
		444A34751FC5C38F00A6F6FC /* Build configuration list for PBXNativeTarget "MediatorDemo" */ = {
			isa = XCConfigurationList;
			buildConfigurations = (
				444A34761FC5C38F00A6F6FC /* Debug */,
				444A34771FC5C38F00A6F6FC /* Release */,
			);
			defaultConfigurationIsVisible = 0;
			defaultConfigurationName = Release;
		};
/* End XCConfigurationList section */
	};
	rootObject = 444A34661FC5C38F00A6F6FC /* Project object */;
}
