// !$*UTF8*$!
{
	archiveVersion = 1;
	classes = {
	};
	objectVersion = 48;
	objects = {

/* Begin PBXBuildFile section */
		C28187B8202349410067D47C /* main.swift in Sources */ = {isa = PBXBuildFile; fileRef = C28187B7202349410067D47C /* main.swift */; };
		C28187EE20234A250067D47C /* context.swift in Sources */ = {isa = PBXBuildFile; fileRef = C28187EA20234A250067D47C /* context.swift */; };
		C28187EF20234A250067D47C /* receipt.swift in Sources */ = {isa = PBXBuildFile; fileRef = C28187EB20234A250067D47C /* receipt.swift */; };
		C28187F020234A250067D47C /* mechanic.swift in Sources */ = {isa = PBXBuildFile; fileRef = C28187EC20234A250067D47C /* mechanic.swift */; };
		C28187F120234A250067D47C /* state.swift in Sources */ = {isa = PBXBuildFile; fileRef = C28187ED20234A250067D47C /* state.swift */; };
		C28187F720235BF70067D47C /* pending_state.swift in Sources */ = {isa = PBXBuildFile; fileRef = C28187F220235BF60067D47C /* pending_state.swift */; };
		C28187F820235BF70067D47C /* ready_state.swift in Sources */ = {isa = PBXBuildFile; fileRef = C28187F320235BF60067D47C /* ready_state.swift */; };
		C28187F920235BF70067D47C /* completed_state.swift in Sources */ = {isa = PBXBuildFile; fileRef = C28187F420235BF60067D47C /* completed_state.swift */; };
		C28187FA20235BF70067D47C /* booked_state.swift in Sources */ = {isa = PBXBuildFile; fileRef = C28187F520235BF60067D47C /* booked_state.swift */; };
		C28187FB20235BF70067D47C /* submitted_state.swift in Sources */ = {isa = PBXBuildFile; fileRef = C28187F620235BF60067D47C /* submitted_state.swift */; };
/* End PBXBuildFile section */

/* Begin PBXCopyFilesBuildPhase section */
		C28187B2202349410067D47C /* CopyFiles */ = {
			isa = PBXCopyFilesBuildPhase;
			buildActionMask = 2147483647;
			dstPath = /usr/share/man/man1/;
			dstSubfolderSpec = 0;
			files = (
			);
			runOnlyForDeploymentPostprocessing = 1;
		};
/* End PBXCopyFilesBuildPhase section */

/* Begin PBXFileReference section */
		C28187B4202349410067D47C /* StateDemo */ = {isa = PBXFileReference; explicitFileType = "compiled.mach-o.executable"; includeInIndex = 0; path = StateDemo; sourceTree = BUILT_PRODUCTS_DIR; };
		C28187B7202349410067D47C /* main.swift */ = {isa = PBXFileReference; lastKnownFileType = sourcecode.swift; path = main.swift; sourceTree = "<group>"; };
		C28187E920234A120067D47C /* README.md */ = {isa = PBXFileReference; lastKnownFileType = net.daringfireball.markdown; path = README.md; sourceTree = "<group>"; };
		C28187EA20234A250067D47C /* context.swift */ = {isa = PBXFileReference; fileEncoding = 4; lastKnownFileType = sourcecode.swift; path = context.swift; sourceTree = "<group>"; };
		C28187EB20234A250067D47C /* receipt.swift */ = {isa = PBXFileReference; fileEncoding = 4; lastKnownFileType = sourcecode.swift; path = receipt.swift; sourceTree = "<group>"; };
		C28187EC20234A250067D47C /* mechanic.swift */ = {isa = PBXFileReference; fileEncoding = 4; lastKnownFileType = sourcecode.swift; path = mechanic.swift; sourceTree = "<group>"; };
		C28187ED20234A250067D47C /* state.swift */ = {isa = PBXFileReference; fileEncoding = 4; lastKnownFileType = sourcecode.swift; path = state.swift; sourceTree = "<group>"; };
		C28187F220235BF60067D47C /* pending_state.swift */ = {isa = PBXFileReference; fileEncoding = 4; lastKnownFileType = sourcecode.swift; path = pending_state.swift; sourceTree = "<group>"; };
		C28187F320235BF60067D47C /* ready_state.swift */ = {isa = PBXFileReference; fileEncoding = 4; lastKnownFileType = sourcecode.swift; path = ready_state.swift; sourceTree = "<group>"; };
		C28187F420235BF60067D47C /* completed_state.swift */ = {isa = PBXFileReference; fileEncoding = 4; lastKnownFileType = sourcecode.swift; path = completed_state.swift; sourceTree = "<group>"; };
		C28187F520235BF60067D47C /* booked_state.swift */ = {isa = PBXFileReference; fileEncoding = 4; lastKnownFileType = sourcecode.swift; path = booked_state.swift; sourceTree = "<group>"; };
		C28187F620235BF60067D47C /* submitted_state.swift */ = {isa = PBXFileReference; fileEncoding = 4; lastKnownFileType = sourcecode.swift; path = submitted_state.swift; sourceTree = "<group>"; };
/* End PBXFileReference section */

/* Begin PBXFrameworksBuildPhase section */
		C28187B1202349410067D47C /* Frameworks */ = {
			isa = PBXFrameworksBuildPhase;
			buildActionMask = 2147483647;
			files = (
			);
			runOnlyForDeploymentPostprocessing = 0;
		};
/* End PBXFrameworksBuildPhase section */

/* Begin PBXGroup section */
		C213C22F20243AEA0099AFA3 /* state */ = {
			isa = PBXGroup;
			children = (
				C28187F420235BF60067D47C /* completed_state.swift */,
				C28187F220235BF60067D47C /* pending_state.swift */,
				C28187F320235BF60067D47C /* ready_state.swift */,
				C28187F620235BF60067D47C /* submitted_state.swift */,
				C28187F520235BF60067D47C /* booked_state.swift */,
			);
			path = state;
			sourceTree = "<group>";
		};
		C28187AB202349410067D47C = {
			isa = PBXGroup;
			children = (
				C28187E920234A120067D47C /* README.md */,
				C28187B6202349410067D47C /* StateDemo */,
				C28187B5202349410067D47C /* Products */,
			);
			sourceTree = "<group>";
		};
		C28187B5202349410067D47C /* Products */ = {
			isa = PBXGroup;
			children = (
				C28187B4202349410067D47C /* StateDemo */,
			);
			name = Products;
			sourceTree = "<group>";
		};
		C28187B6202349410067D47C /* StateDemo */ = {
			isa = PBXGroup;
			children = (
				C28187B7202349410067D47C /* main.swift */,
				C213C22F20243AEA0099AFA3 /* state */,
				C28187ED20234A250067D47C /* state.swift */,
				C28187EA20234A250067D47C /* context.swift */,
				C28187EC20234A250067D47C /* mechanic.swift */,
				C28187EB20234A250067D47C /* receipt.swift */,
			);
			path = StateDemo;
			sourceTree = "<group>";
		};
/* End PBXGroup section */

/* Begin PBXNativeTarget section */
		C28187B3202349410067D47C /* StateDemo */ = {
			isa = PBXNativeTarget;
			buildConfigurationList = C28187BB202349410067D47C /* Build configuration list for PBXNativeTarget "StateDemo" */;
			buildPhases = (
				C28187B0202349410067D47C /* Sources */,
				C28187B1202349410067D47C /* Frameworks */,
				C28187B2202349410067D47C /* CopyFiles */,
			);
			buildRules = (
			);
			dependencies = (
			);
			name = StateDemo;
			productName = StateDemo;
			productReference = C28187B4202349410067D47C /* StateDemo */;
			productType = "com.apple.product-type.tool";
		};
/* End PBXNativeTarget section */

/* Begin PBXProject section */
		C28187AC202349410067D47C /* Project object */ = {
			isa = PBXProject;
			attributes = {
				LastSwiftUpdateCheck = 0920;
				LastUpgradeCheck = 0920;
				ORGANIZATIONNAME = "王侃";
				TargetAttributes = {
					C28187B3202349410067D47C = {
						CreatedOnToolsVersion = 9.2;
						ProvisioningStyle = Automatic;
					};
				};
			};
			buildConfigurationList = C28187AF202349410067D47C /* Build configuration list for PBXProject "StateDemo" */;
			compatibilityVersion = "Xcode 8.0";
			developmentRegion = en;
			hasScannedForEncodings = 0;
			knownRegions = (
				en,
			);
			mainGroup = C28187AB202349410067D47C;
			productRefGroup = C28187B5202349410067D47C /* Products */;
			projectDirPath = "";
			projectRoot = "";
			targets = (
				C28187B3202349410067D47C /* StateDemo */,
			);
		};
/* End PBXProject section */

/* Begin PBXSourcesBuildPhase section */
		C28187B0202349410067D47C /* Sources */ = {
			isa = PBXSourcesBuildPhase;
			buildActionMask = 2147483647;
			files = (
				C28187EE20234A250067D47C /* context.swift in Sources */,
				C28187F720235BF70067D47C /* pending_state.swift in Sources */,
				C28187F120234A250067D47C /* state.swift in Sources */,
				C28187FA20235BF70067D47C /* booked_state.swift in Sources */,
				C28187F820235BF70067D47C /* ready_state.swift in Sources */,
				C28187EF20234A250067D47C /* receipt.swift in Sources */,
				C28187F920235BF70067D47C /* completed_state.swift in Sources */,
				C28187F020234A250067D47C /* mechanic.swift in Sources */,
				C28187B8202349410067D47C /* main.swift in Sources */,
				C28187FB20235BF70067D47C /* submitted_state.swift in Sources */,
			);
			runOnlyForDeploymentPostprocessing = 0;
		};
/* End PBXSourcesBuildPhase section */

/* Begin XCBuildConfiguration section */
		C28187B9202349410067D47C /* Debug */ = {
			isa = XCBuildConfiguration;
			buildSettings = {
				ALWAYS_SEARCH_USER_PATHS = NO;
				CLANG_ANALYZER_NONNULL = YES;
				CLANG_ANALYZER_NUMBER_OBJECT_CONVERSION = YES_AGGRESSIVE;
				CLANG_CXX_LANGUAGE_STANDARD = "gnu++14";
				CLANG_CXX_LIBRARY = "libc++";
				CLANG_ENABLE_MODULES = YES;
				CLANG_ENABLE_OBJC_ARC = YES;
				CLANG_WARN_BLOCK_CAPTURE_AUTORELEASING = YES;
				CLANG_WARN_BOOL_CONVERSION = YES;
				CLANG_WARN_COMMA = YES;
				CLANG_WARN_CONSTANT_CONVERSION = YES;
				CLANG_WARN_DIRECT_OBJC_ISA_USAGE = YES_ERROR;
				CLANG_WARN_DOCUMENTATION_COMMENTS = YES;
				CLANG_WARN_EMPTY_BODY = YES;
				CLANG_WARN_ENUM_CONVERSION = YES;
				CLANG_WARN_INFINITE_RECURSION = YES;
				CLANG_WARN_INT_CONVERSION = YES;
				CLANG_WARN_NON_LITERAL_NULL_CONVERSION = YES;
				CLANG_WARN_OBJC_LITERAL_CONVERSION = YES;
				CLANG_WARN_OBJC_ROOT_CLASS = YES_ERROR;
				CLANG_WARN_RANGE_LOOP_ANALYSIS = YES;
				CLANG_WARN_STRICT_PROTOTYPES = YES;
				CLANG_WARN_SUSPICIOUS_MOVE = YES;
				CLANG_WARN_UNGUARDED_AVAILABILITY = YES_AGGRESSIVE;
				CLANG_WARN_UNREACHABLE_CODE = YES;
				CLANG_WARN__DUPLICATE_METHOD_MATCH = YES;
				CODE_SIGN_IDENTITY = "Mac Developer";
				COPY_PHASE_STRIP = NO;
				DEBUG_INFORMATION_FORMAT = dwarf;
				ENABLE_STRICT_OBJC_MSGSEND = YES;
				ENABLE_TESTABILITY = YES;
				GCC_C_LANGUAGE_STANDARD = gnu11;
				GCC_DYNAMIC_NO_PIC = NO;
				GCC_NO_COMMON_BLOCKS = YES;
				GCC_OPTIMIZATION_LEVEL = 0;
				GCC_PREPROCESSOR_DEFINITIONS = (
					"DEBUG=1",
					"$(inherited)",
				);
				GCC_WARN_64_TO_32_BIT_CONVERSION = YES;
				GCC_WARN_ABOUT_RETURN_TYPE = YES_ERROR;
				GCC_WARN_UNDECLARED_SELECTOR = YES;
				GCC_WARN_UNINITIALIZED_AUTOS = YES_AGGRESSIVE;
				GCC_WARN_UNUSED_FUNCTION = YES;
				GCC_WARN_UNUSED_VARIABLE = YES;
				MACOSX_DEPLOYMENT_TARGET = 10.13;
				MTL_ENABLE_DEBUG_INFO = YES;
				ONLY_ACTIVE_ARCH = YES;
				SDKROOT = macosx;
				SWIFT_ACTIVE_COMPILATION_CONDITIONS = DEBUG;
				SWIFT_OPTIMIZATION_LEVEL = "-Onone";
			};
			name = Debug;
		};
		C28187BA202349410067D47C /* Release */ = {
			isa = XCBuildConfiguration;
			buildSettings = {
				ALWAYS_SEARCH_USER_PATHS = NO;
				CLANG_ANALYZER_NONNULL = YES;
				CLANG_ANALYZER_NUMBER_OBJECT_CONVERSION = YES_AGGRESSIVE;
				CLANG_CXX_LANGUAGE_STANDARD = "gnu++14";
				CLANG_CXX_LIBRARY = "libc++";
				CLANG_ENABLE_MODULES = YES;
				CLANG_ENABLE_OBJC_ARC = YES;
				CLANG_WARN_BLOCK_CAPTURE_AUTORELEASING = YES;
				CLANG_WARN_BOOL_CONVERSION = YES;
				CLANG_WARN_COMMA = YES;
				CLANG_WARN_CONSTANT_CONVERSION = YES;
				CLANG_WARN_DIRECT_OBJC_ISA_USAGE = YES_ERROR;
				CLANG_WARN_DOCUMENTATION_COMMENTS = YES;
				CLANG_WARN_EMPTY_BODY = YES;
				CLANG_WARN_ENUM_CONVERSION = YES;
				CLANG_WARN_INFINITE_RECURSION = YES;
				CLANG_WARN_INT_CONVERSION = YES;
				CLANG_WARN_NON_LITERAL_NULL_CONVERSION = YES;
				CLANG_WARN_OBJC_LITERAL_CONVERSION = YES;
				CLANG_WARN_OBJC_ROOT_CLASS = YES_ERROR;
				CLANG_WARN_RANGE_LOOP_ANALYSIS = YES;
				CLANG_WARN_STRICT_PROTOTYPES = YES;
				CLANG_WARN_SUSPICIOUS_MOVE = YES;
				CLANG_WARN_UNGUARDED_AVAILABILITY = YES_AGGRESSIVE;
				CLANG_WARN_UNREACHABLE_CODE = YES;
				CLANG_WARN__DUPLICATE_METHOD_MATCH = YES;
				CODE_SIGN_IDENTITY = "Mac Developer";
				COPY_PHASE_STRIP = NO;
				DEBUG_INFORMATION_FORMAT = "dwarf-with-dsym";
				ENABLE_NS_ASSERTIONS = NO;
				ENABLE_STRICT_OBJC_MSGSEND = YES;
				GCC_C_LANGUAGE_STANDARD = gnu11;
				GCC_NO_COMMON_BLOCKS = YES;
				GCC_WARN_64_TO_32_BIT_CONVERSION = YES;
				GCC_WARN_ABOUT_RETURN_TYPE = YES_ERROR;
				GCC_WARN_UNDECLARED_SELECTOR = YES;
				GCC_WARN_UNINITIALIZED_AUTOS = YES_AGGRESSIVE;
				GCC_WARN_UNUSED_FUNCTION = YES;
				GCC_WARN_UNUSED_VARIABLE = YES;
				MACOSX_DEPLOYMENT_TARGET = 10.13;
				MTL_ENABLE_DEBUG_INFO = NO;
				SDKROOT = macosx;
				SWIFT_OPTIMIZATION_LEVEL = "-Owholemodule";
			};
			name = Release;
		};
		C28187BC202349410067D47C /* Debug */ = {
			isa = XCBuildConfiguration;
			buildSettings = {
				CODE_SIGN_STYLE = Automatic;
				DEVELOPMENT_TEAM = W3MH7MTTSB;
				PRODUCT_NAME = "$(TARGET_NAME)";
				SWIFT_VERSION = 4.0;
			};
			name = Debug;
		};
		C28187BD202349410067D47C /* Release */ = {
			isa = XCBuildConfiguration;
			buildSettings = {
				CODE_SIGN_STYLE = Automatic;
				DEVELOPMENT_TEAM = W3MH7MTTSB;
				PRODUCT_NAME = "$(TARGET_NAME)";
				SWIFT_VERSION = 4.0;
			};
			name = Release;
		};
/* End XCBuildConfiguration section */

/* Begin XCConfigurationList section */
		C28187AF202349410067D47C /* Build configuration list for PBXProject "StateDemo" */ = {
			isa = XCConfigurationList;
			buildConfigurations = (
				C28187B9202349410067D47C /* Debug */,
				C28187BA202349410067D47C /* Release */,
			);
			defaultConfigurationIsVisible = 0;
			defaultConfigurationName = Release;
		};
		C28187BB202349410067D47C /* Build configuration list for PBXNativeTarget "StateDemo" */ = {
			isa = XCConfigurationList;
			buildConfigurations = (
				C28187BC202349410067D47C /* Debug */,
				C28187BD202349410067D47C /* Release */,
			);
			defaultConfigurationIsVisible = 0;
			defaultConfigurationName = Release;
		};
/* End XCConfigurationList section */
	};
	rootObject = C28187AC202349410067D47C /* Project object */;
}
