// !$*UTF8*$!
{
	archiveVersion = 1;
	classes = {
	};
	objectVersion = 50;
	objects = {

/* Begin PBXBuildFile section */
		C2F10CF920FF834F00A0F72F /* main.swift in Sources */ = {isa = PBXBuildFile; fileRef = C2F10CF820FF834F00A0F72F /* main.swift */; };
		C2F10D0720FF838000A0F72F /* service.swift in Sources */ = {isa = PBXBuildFile; fileRef = C2F10CFF20FF837F00A0F72F /* service.swift */; };
		C2F10D0820FF838000A0F72F /* mechanic_skill.swift in Sources */ = {isa = PBXBuildFile; fileRef = C2F10D0020FF837F00A0F72F /* mechanic_skill.swift */; };
		C2F10D0920FF838000A0F72F /* mechanic.swift in Sources */ = {isa = PBXBuildFile; fileRef = C2F10D0120FF837F00A0F72F /* mechanic.swift */; };
		C2F10D0A20FF838000A0F72F /* quote_buildable.swift in Sources */ = {isa = PBXBuildFile; fileRef = C2F10D0220FF838000A0F72F /* quote_buildable.swift */; };
		C2F10D0B20FF838000A0F72F /* quote_builder.swift in Sources */ = {isa = PBXBuildFile; fileRef = C2F10D0320FF838000A0F72F /* quote_builder.swift */; };
		C2F10D0C20FF838000A0F72F /* customer.swift in Sources */ = {isa = PBXBuildFile; fileRef = C2F10D0420FF838000A0F72F /* customer.swift */; };
		C2F10D0D20FF838000A0F72F /* data_provider.swift in Sources */ = {isa = PBXBuildFile; fileRef = C2F10D0520FF838000A0F72F /* data_provider.swift */; };
		C2F10D0E20FF838000A0F72F /* quote.swift in Sources */ = {isa = PBXBuildFile; fileRef = C2F10D0620FF838000A0F72F /* quote.swift */; };
/* End PBXBuildFile section */

/* Begin PBXCopyFilesBuildPhase section */
		C2F10CF320FF834F00A0F72F /* CopyFiles */ = {
			isa = PBXCopyFilesBuildPhase;
			buildActionMask = 2147483647;
			dstPath = /usr/share/man/man1/;
			dstSubfolderSpec = 0;
			files = (
			);
			runOnlyForDeploymentPostprocessing = 1;
		};
/* End PBXCopyFilesBuildPhase section */

/* Begin PBXFileReference section */
		C2F10CF520FF834F00A0F72F /* BuilderDemo */ = {isa = PBXFileReference; explicitFileType = "compiled.mach-o.executable"; includeInIndex = 0; path = BuilderDemo; sourceTree = BUILT_PRODUCTS_DIR; };
		C2F10CF820FF834F00A0F72F /* main.swift */ = {isa = PBXFileReference; lastKnownFileType = sourcecode.swift; path = main.swift; sourceTree = "<group>"; };
		C2F10CFF20FF837F00A0F72F /* service.swift */ = {isa = PBXFileReference; fileEncoding = 4; lastKnownFileType = sourcecode.swift; path = service.swift; sourceTree = "<group>"; };
		C2F10D0020FF837F00A0F72F /* mechanic_skill.swift */ = {isa = PBXFileReference; fileEncoding = 4; lastKnownFileType = sourcecode.swift; path = mechanic_skill.swift; sourceTree = "<group>"; };
		C2F10D0120FF837F00A0F72F /* mechanic.swift */ = {isa = PBXFileReference; fileEncoding = 4; lastKnownFileType = sourcecode.swift; path = mechanic.swift; sourceTree = "<group>"; };
		C2F10D0220FF838000A0F72F /* quote_buildable.swift */ = {isa = PBXFileReference; fileEncoding = 4; lastKnownFileType = sourcecode.swift; path = quote_buildable.swift; sourceTree = "<group>"; };
		C2F10D0320FF838000A0F72F /* quote_builder.swift */ = {isa = PBXFileReference; fileEncoding = 4; lastKnownFileType = sourcecode.swift; path = quote_builder.swift; sourceTree = "<group>"; };
		C2F10D0420FF838000A0F72F /* customer.swift */ = {isa = PBXFileReference; fileEncoding = 4; lastKnownFileType = sourcecode.swift; path = customer.swift; sourceTree = "<group>"; };
		C2F10D0520FF838000A0F72F /* data_provider.swift */ = {isa = PBXFileReference; fileEncoding = 4; lastKnownFileType = sourcecode.swift; path = data_provider.swift; sourceTree = "<group>"; };
		C2F10D0620FF838000A0F72F /* quote.swift */ = {isa = PBXFileReference; fileEncoding = 4; lastKnownFileType = sourcecode.swift; path = quote.swift; sourceTree = "<group>"; };
		C2F10D0F20FF8AE200A0F72F /* README.md */ = {isa = PBXFileReference; lastKnownFileType = net.daringfireball.markdown; path = README.md; sourceTree = "<group>"; };
/* End PBXFileReference section */

/* Begin PBXFrameworksBuildPhase section */
		C2F10CF220FF834F00A0F72F /* Frameworks */ = {
			isa = PBXFrameworksBuildPhase;
			buildActionMask = 2147483647;
			files = (
			);
			runOnlyForDeploymentPostprocessing = 0;
		};
/* End PBXFrameworksBuildPhase section */

/* Begin PBXGroup section */
		C2F10CEC20FF834F00A0F72F = {
			isa = PBXGroup;
			children = (
				C2F10D0F20FF8AE200A0F72F /* README.md */,
				C2F10CF720FF834F00A0F72F /* BuilderDemo */,
				C2F10CF620FF834F00A0F72F /* Products */,
			);
			sourceTree = "<group>";
		};
		C2F10CF620FF834F00A0F72F /* Products */ = {
			isa = PBXGroup;
			children = (
				C2F10CF520FF834F00A0F72F /* BuilderDemo */,
			);
			name = Products;
			sourceTree = "<group>";
		};
		C2F10CF720FF834F00A0F72F /* BuilderDemo */ = {
			isa = PBXGroup;
			children = (
				C2F10CF820FF834F00A0F72F /* main.swift */,
				C2F10D0420FF838000A0F72F /* customer.swift */,
				C2F10D0520FF838000A0F72F /* data_provider.swift */,
				C2F10D0020FF837F00A0F72F /* mechanic_skill.swift */,
				C2F10D0120FF837F00A0F72F /* mechanic.swift */,
				C2F10D0220FF838000A0F72F /* quote_buildable.swift */,
				C2F10D0320FF838000A0F72F /* quote_builder.swift */,
				C2F10D0620FF838000A0F72F /* quote.swift */,
				C2F10CFF20FF837F00A0F72F /* service.swift */,
			);
			path = BuilderDemo;
			sourceTree = "<group>";
		};
/* End PBXGroup section */

/* Begin PBXNativeTarget section */
		C2F10CF420FF834F00A0F72F /* BuilderDemo */ = {
			isa = PBXNativeTarget;
			buildConfigurationList = C2F10CFC20FF834F00A0F72F /* Build configuration list for PBXNativeTarget "BuilderDemo" */;
			buildPhases = (
				C2F10CF120FF834F00A0F72F /* Sources */,
				C2F10CF220FF834F00A0F72F /* Frameworks */,
				C2F10CF320FF834F00A0F72F /* CopyFiles */,
			);
			buildRules = (
			);
			dependencies = (
			);
			name = BuilderDemo;
			productName = BuilderDemo;
			productReference = C2F10CF520FF834F00A0F72F /* BuilderDemo */;
			productType = "com.apple.product-type.tool";
		};
/* End PBXNativeTarget section */

/* Begin PBXProject section */
		C2F10CED20FF834F00A0F72F /* Project object */ = {
			isa = PBXProject;
			attributes = {
				LastSwiftUpdateCheck = 0940;
				LastUpgradeCheck = 0940;
				ORGANIZATIONNAME = "王侃";
				TargetAttributes = {
					C2F10CF420FF834F00A0F72F = {
						CreatedOnToolsVersion = 9.4.1;
					};
				};
			};
			buildConfigurationList = C2F10CF020FF834F00A0F72F /* Build configuration list for PBXProject "BuilderDemo" */;
			compatibilityVersion = "Xcode 9.3";
			developmentRegion = en;
			hasScannedForEncodings = 0;
			knownRegions = (
				en,
			);
			mainGroup = C2F10CEC20FF834F00A0F72F;
			productRefGroup = C2F10CF620FF834F00A0F72F /* Products */;
			projectDirPath = "";
			projectRoot = "";
			targets = (
				C2F10CF420FF834F00A0F72F /* BuilderDemo */,
			);
		};
/* End PBXProject section */

/* Begin PBXSourcesBuildPhase section */
		C2F10CF120FF834F00A0F72F /* Sources */ = {
			isa = PBXSourcesBuildPhase;
			buildActionMask = 2147483647;
			files = (
				C2F10D0B20FF838000A0F72F /* quote_builder.swift in Sources */,
				C2F10D0820FF838000A0F72F /* mechanic_skill.swift in Sources */,
				C2F10D0E20FF838000A0F72F /* quote.swift in Sources */,
				C2F10D0D20FF838000A0F72F /* data_provider.swift in Sources */,
				C2F10D0C20FF838000A0F72F /* customer.swift in Sources */,
				C2F10D0A20FF838000A0F72F /* quote_buildable.swift in Sources */,
				C2F10D0920FF838000A0F72F /* mechanic.swift in Sources */,
				C2F10CF920FF834F00A0F72F /* main.swift in Sources */,
				C2F10D0720FF838000A0F72F /* service.swift in Sources */,
			);
			runOnlyForDeploymentPostprocessing = 0;
		};
/* End PBXSourcesBuildPhase section */

/* Begin XCBuildConfiguration section */
		C2F10CFA20FF834F00A0F72F /* Debug */ = {
			isa = XCBuildConfiguration;
			buildSettings = {
				ALWAYS_SEARCH_USER_PATHS = NO;
				CLANG_ANALYZER_NONNULL = YES;
				CLANG_ANALYZER_NUMBER_OBJECT_CONVERSION = YES_AGGRESSIVE;
				CLANG_CXX_LANGUAGE_STANDARD = "gnu++14";
				CLANG_CXX_LIBRARY = "libc++";
				CLANG_ENABLE_MODULES = YES;
				CLANG_ENABLE_OBJC_ARC = YES;
				CLANG_ENABLE_OBJC_WEAK = YES;
				CLANG_WARN_BLOCK_CAPTURE_AUTORELEASING = YES;
				CLANG_WARN_BOOL_CONVERSION = YES;
				CLANG_WARN_COMMA = YES;
				CLANG_WARN_CONSTANT_CONVERSION = YES;
				CLANG_WARN_DEPRECATED_OBJC_IMPLEMENTATIONS = YES;
				CLANG_WARN_DIRECT_OBJC_ISA_USAGE = YES_ERROR;
				CLANG_WARN_DOCUMENTATION_COMMENTS = YES;
				CLANG_WARN_EMPTY_BODY = YES;
				CLANG_WARN_ENUM_CONVERSION = YES;
				CLANG_WARN_INFINITE_RECURSION = YES;
				CLANG_WARN_INT_CONVERSION = YES;
				CLANG_WARN_NON_LITERAL_NULL_CONVERSION = YES;
				CLANG_WARN_OBJC_IMPLICIT_RETAIN_SELF = YES;
				CLANG_WARN_OBJC_LITERAL_CONVERSION = YES;
				CLANG_WARN_OBJC_ROOT_CLASS = YES_ERROR;
				CLANG_WARN_RANGE_LOOP_ANALYSIS = YES;
				CLANG_WARN_STRICT_PROTOTYPES = YES;
				CLANG_WARN_SUSPICIOUS_MOVE = YES;
				CLANG_WARN_UNGUARDED_AVAILABILITY = YES_AGGRESSIVE;
				CLANG_WARN_UNREACHABLE_CODE = YES;
				CLANG_WARN__DUPLICATE_METHOD_MATCH = YES;
				CODE_SIGN_IDENTITY = "Mac Developer";
				COPY_PHASE_STRIP = NO;
				DEBUG_INFORMATION_FORMAT = dwarf;
				ENABLE_STRICT_OBJC_MSGSEND = YES;
				ENABLE_TESTABILITY = YES;
				GCC_C_LANGUAGE_STANDARD = gnu11;
				GCC_DYNAMIC_NO_PIC = NO;
				GCC_NO_COMMON_BLOCKS = YES;
				GCC_OPTIMIZATION_LEVEL = 0;
				GCC_PREPROCESSOR_DEFINITIONS = (
					"DEBUG=1",
					"$(inherited)",
				);
				GCC_WARN_64_TO_32_BIT_CONVERSION = YES;
				GCC_WARN_ABOUT_RETURN_TYPE = YES_ERROR;
				GCC_WARN_UNDECLARED_SELECTOR = YES;
				GCC_WARN_UNINITIALIZED_AUTOS = YES_AGGRESSIVE;
				GCC_WARN_UNUSED_FUNCTION = YES;
				GCC_WARN_UNUSED_VARIABLE = YES;
				MACOSX_DEPLOYMENT_TARGET = 10.13;
				MTL_ENABLE_DEBUG_INFO = YES;
				ONLY_ACTIVE_ARCH = YES;
				SDKROOT = macosx;
				SWIFT_ACTIVE_COMPILATION_CONDITIONS = DEBUG;
				SWIFT_OPTIMIZATION_LEVEL = "-Onone";
			};
			name = Debug;
		};
		C2F10CFB20FF834F00A0F72F /* Release */ = {
			isa = XCBuildConfiguration;
			buildSettings = {
				ALWAYS_SEARCH_USER_PATHS = NO;
				CLANG_ANALYZER_NONNULL = YES;
				CLANG_ANALYZER_NUMBER_OBJECT_CONVERSION = YES_AGGRESSIVE;
				CLANG_CXX_LANGUAGE_STANDARD = "gnu++14";
				CLANG_CXX_LIBRARY = "libc++";
				CLANG_ENABLE_MODULES = YES;
				CLANG_ENABLE_OBJC_ARC = YES;
				CLANG_ENABLE_OBJC_WEAK = YES;
				CLANG_WARN_BLOCK_CAPTURE_AUTORELEASING = YES;
				CLANG_WARN_BOOL_CONVERSION = YES;
				CLANG_WARN_COMMA = YES;
				CLANG_WARN_CONSTANT_CONVERSION = YES;
				CLANG_WARN_DEPRECATED_OBJC_IMPLEMENTATIONS = YES;
				CLANG_WARN_DIRECT_OBJC_ISA_USAGE = YES_ERROR;
				CLANG_WARN_DOCUMENTATION_COMMENTS = YES;
				CLANG_WARN_EMPTY_BODY = YES;
				CLANG_WARN_ENUM_CONVERSION = YES;
				CLANG_WARN_INFINITE_RECURSION = YES;
				CLANG_WARN_INT_CONVERSION = YES;
				CLANG_WARN_NON_LITERAL_NULL_CONVERSION = YES;
				CLANG_WARN_OBJC_IMPLICIT_RETAIN_SELF = YES;
				CLANG_WARN_OBJC_LITERAL_CONVERSION = YES;
				CLANG_WARN_OBJC_ROOT_CLASS = YES_ERROR;
				CLANG_WARN_RANGE_LOOP_ANALYSIS = YES;
				CLANG_WARN_STRICT_PROTOTYPES = YES;
				CLANG_WARN_SUSPICIOUS_MOVE = YES;
				CLANG_WARN_UNGUARDED_AVAILABILITY = YES_AGGRESSIVE;
				CLANG_WARN_UNREACHABLE_CODE = YES;
				CLANG_WARN__DUPLICATE_METHOD_MATCH = YES;
				CODE_SIGN_IDENTITY = "Mac Developer";
				COPY_PHASE_STRIP = NO;
				DEBUG_INFORMATION_FORMAT = "dwarf-with-dsym";
				ENABLE_NS_ASSERTIONS = NO;
				ENABLE_STRICT_OBJC_MSGSEND = YES;
				GCC_C_LANGUAGE_STANDARD = gnu11;
				GCC_NO_COMMON_BLOCKS = YES;
				GCC_WARN_64_TO_32_BIT_CONVERSION = YES;
				GCC_WARN_ABOUT_RETURN_TYPE = YES_ERROR;
				GCC_WARN_UNDECLARED_SELECTOR = YES;
				GCC_WARN_UNINITIALIZED_AUTOS = YES_AGGRESSIVE;
				GCC_WARN_UNUSED_FUNCTION = YES;
				GCC_WARN_UNUSED_VARIABLE = YES;
				MACOSX_DEPLOYMENT_TARGET = 10.13;
				MTL_ENABLE_DEBUG_INFO = NO;
				SDKROOT = macosx;
				SWIFT_COMPILATION_MODE = wholemodule;
				SWIFT_OPTIMIZATION_LEVEL = "-O";
			};
			name = Release;
		};
		C2F10CFD20FF834F00A0F72F /* Debug */ = {
			isa = XCBuildConfiguration;
			buildSettings = {
				CODE_SIGN_STYLE = Automatic;
				DEVELOPMENT_TEAM = W3MH7MTTSB;
				PRODUCT_NAME = "$(TARGET_NAME)";
				SWIFT_VERSION = 4.0;
			};
			name = Debug;
		};
		C2F10CFE20FF834F00A0F72F /* Release */ = {
			isa = XCBuildConfiguration;
			buildSettings = {
				CODE_SIGN_STYLE = Automatic;
				DEVELOPMENT_TEAM = W3MH7MTTSB;
				PRODUCT_NAME = "$(TARGET_NAME)";
				SWIFT_VERSION = 4.0;
			};
			name = Release;
		};
/* End XCBuildConfiguration section */

/* Begin XCConfigurationList section */
		C2F10CF020FF834F00A0F72F /* Build configuration list for PBXProject "BuilderDemo" */ = {
			isa = XCConfigurationList;
			buildConfigurations = (
				C2F10CFA20FF834F00A0F72F /* Debug */,
				C2F10CFB20FF834F00A0F72F /* Release */,
			);
			defaultConfigurationIsVisible = 0;
			defaultConfigurationName = Release;
		};
		C2F10CFC20FF834F00A0F72F /* Build configuration list for PBXNativeTarget "BuilderDemo" */ = {
			isa = XCConfigurationList;
			buildConfigurations = (
				C2F10CFD20FF834F00A0F72F /* Debug */,
				C2F10CFE20FF834F00A0F72F /* Release */,
			);
			defaultConfigurationIsVisible = 0;
			defaultConfigurationName = Release;
		};
/* End XCConfigurationList section */
	};
	rootObject = C2F10CED20FF834F00A0F72F /* Project object */;
}
